{
  "name": "topoViewer",
  "version": "1.0.0",
  "lockfileVersion": 1,
  "requires": true,
  "dependencies": {
    "@sgratzl/boxplots": {
      "version": "1.3.0",
      "resolved": "https://registry.npmjs.org/@sgratzl/boxplots/-/boxplots-1.3.0.tgz",
      "integrity": "sha512-2BRWv+WOH58pwzSgP50buoXgxQic+4auz3BF0wiIUXS8D3QGkdBNgsNdQO1754Tm/0uEwly0R3WaCiGnoYWcmA=="
    },
    "@types/cytoscape": {
      "version": "3.19.10",
      "resolved": "https://registry.npmjs.org/@types/cytoscape/-/cytoscape-3.19.10.tgz",
      "integrity": "sha512-PLsKQcsUd05nz4PYyulIhjkLnlq9oD2WYpswrWOjoqtFZEuuBje0f9fi2zTG5/yfTf5+Gpllf/MPcFmfDzZ24w=="
    },
    "@types/d3-path": {
      "version": "3.0.0",
      "resolved": "https://registry.npmjs.org/@types/d3-path/-/d3-path-3.0.0.tgz",
      "integrity": "sha512-0g/A+mZXgFkQxN3HniRDbXMN79K3CdTpLsevj+PXiTcb2hVyvkZUBg37StmgCQkaD84cUJ4uaDAWq7UJOQy2Tg=="
    },
    "@types/d3-shape": {
      "version": "3.1.1",
      "resolved": "https://registry.npmjs.org/@types/d3-shape/-/d3-shape-3.1.1.tgz",
      "integrity": "sha512-6Uh86YFF7LGg4PQkuO2oG6EMBRLuW9cbavUW46zkIO5kuS2PfTqo2o9SkgtQzguBHbLgNnU90UNsITpsX1My+A==",
      "requires": {
        "@types/d3-path": "*"
      }
    },
    "@types/seedrandom": {
      "version": "3.0.5",
      "resolved": "https://registry.npmjs.org/@types/seedrandom/-/seedrandom-3.0.5.tgz",
      "integrity": "sha512-kopEpYpFQvQdYsZkZVwht/0THHmTFFYXDaqV/lM45eweJ8kcGVDgZHs0RVTolSq55UPZNmjhKc9r7UvLu/mQQg=="
    },
    "chalk": {
      "version": "5.3.0",
      "resolved": "https://registry.npmjs.org/chalk/-/chalk-5.3.0.tgz",
      "integrity": "sha512-dLitG79d+GV1Nb/VYcCDFivJeK1hiukt9QjRNVOsUtTy1rR1YJsmpGGTZ3qJos+uw7WmWF4wUwBd9jxjocFC2w=="
    },
    "cytoscape": {
      "version": "3.25.0",
      "resolved": "https://registry.npmjs.org/cytoscape/-/cytoscape-3.25.0.tgz",
      "integrity": "sha512-7MW3Iz57mCUo6JQCho6CmPBCbTlJr7LzyEtIkutG255HLVd4XuBg2I9BkTZLI/e4HoaOB/BiAzXuQybQ95+r9Q==",
      "requires": {
        "heap": "^0.2.6",
        "lodash": "^4.17.21"
      }
    },
    "cytoscape-layers": {
      "version": "2.4.0",
      "resolved": "https://registry.npmjs.org/cytoscape-layers/-/cytoscape-layers-2.4.0.tgz",
      "integrity": "sha512-J/DkOZOH7gcRTvRu/CAAi06gvo6xBG8gdfyVWRwg965Q1Iy/YLYLX3SY8mZH3TC0wiEu6kNhc8chCP984FC1Dg==",
      "requires": {
        "@types/cytoscape": "^3.19.10"
      }
    },
    "cytoscape-overlays": {
      "version": "1.3.0",
      "resolved": "https://registry.npmjs.org/cytoscape-overlays/-/cytoscape-overlays-1.3.0.tgz",
      "integrity": "sha512-SH2mh4T6M2ZntKA+eeZlB6I6gMlhs3v6aoirS63WGFpbtOmVt54vkNN1N1b7jS2bxTCwhq1jT7FG/HqnHHruKQ==",
      "requires": {
        "@sgratzl/boxplots": "^1.3.0",
        "@types/cytoscape": "^3.19.9",
        "@types/d3-shape": "^3.1.0",
        "@types/seedrandom": "^3.0.2",
        "d3-array": "^3.2.0",
        "d3-shape": "^3.1.0",
        "seedrandom": "^3.0.5"
      }
    },
    "d3-array": {
      "version": "3.2.4",
      "resolved": "https://registry.npmjs.org/d3-array/-/d3-array-3.2.4.tgz",
      "integrity": "sha512-tdQAmyA18i4J7wprpYq8ClcxZy3SC31QMeByyCFyRt7BVHdREQZ5lpzoe5mFEYZUWe+oq8HBvk9JjpibyEV4Jg==",
      "requires": {
        "internmap": "1 - 2"
      }
    },
    "d3-path": {
      "version": "3.1.0",
      "resolved": "https://registry.npmjs.org/d3-path/-/d3-path-3.1.0.tgz",
      "integrity": "sha512-p3KP5HCf/bvjBSSKuXid6Zqijx7wIfNW+J/maPs+iwR35at5JCbLUT0LzF1cnjbCHWhqzQTIN2Jpe8pRebIEFQ=="
    },
    "d3-shape": {
      "version": "3.2.0",
      "resolved": "https://registry.npmjs.org/d3-shape/-/d3-shape-3.2.0.tgz",
      "integrity": "sha512-SaLBuwGm3MOViRq2ABk3eLoxwZELpH6zhl3FbAoJ7Vm1gofKx6El1Ib5z23NUEhF9AsGl7y+dzLe5Cw2AArGTA==",
      "requires": {
        "d3-path": "^3.1.0"
      }
    },
    "heap": {
      "version": "0.2.7",
      "resolved": "https://registry.npmjs.org/heap/-/heap-0.2.7.tgz",
      "integrity": "sha512-2bsegYkkHO+h/9MGbn6KWcE45cHZgPANo5LXF7EvWdT0yT2EguSVO1nDgU5c8+ZOPwp2vMNa7YFsJhVcDR9Sdg=="
    },
    "internmap": {
      "version": "2.0.3",
      "resolved": "https://registry.npmjs.org/internmap/-/internmap-2.0.3.tgz",
      "integrity": "sha512-5Hh7Y1wQbvY5ooGgPbDaL5iYLAPzMTUrjMulskHLH6wnv/A+1q5rgEaiuqEjB+oxGXIVZs1FF+R/KPN3ZSQYYg=="
    },
    "lodash": {
      "version": "4.17.21",
      "resolved": "https://registry.npmjs.org/lodash/-/lodash-4.17.21.tgz",
      "integrity": "sha512-v2kDEe57lecTulaDIuNTPy3Ry4gLGJ6Z1O3vE1krgXZNrsQ+LFTGHVxVjcXPs17LhbZVGedAJv8XZ1tvj5FvSg=="
    },
    "seedrandom": {
      "version": "3.0.5",
      "resolved": "https://registry.npmjs.org/seedrandom/-/seedrandom-3.0.5.tgz",
      "integrity": "sha512-8OwmbklUNzwezjGInmZ+2clQmExQPvomqjL7LFqOYqtmuxRgQYqOD3mHaU+MvZn5FLUeVxVfQjwLZW/n/JFuqg=="
    }
  }
}
